{
  "pins" : [
    {
      "identity" : "moengage-ios-sdk",
      "kind" : "remoteSourceControl",
      "location" : "https://github.com/moengage/MoEngage-iOS-SDK.git",
      "state" : {
        "revision" : "8fc1d3c1c4d9dfa87819fafceaa726169aec948c",
        "version" : "9.24.0"
      }
    }
  ],
  "version" : 2
}
